<?xml version="1.0" encoding="utf-8"?>
<Project ToolsVersion="4.0" xmlns="http://schemas.microsoft.com/developer/msbuild/2003">
  <ItemGroup>
    <Filter Include="Source Files">
      <UniqueIdentifier>{4FC737F1-C7A5-4376-A066-2A32D752A2FF}</UniqueIdentifier>
      <Extensions>cpp;c;cc;cxx;c++;cppm;ixx;def;odl;idl;hpj;bat;asm;asmx</Extensions>
    </Filter>
    <Filter Include="Header Files">
      <UniqueIdentifier>{93995380-89BD-4b04-88EB-625FBE52EBFB}</UniqueIdentifier>
      <Extensions>h;hh;hpp;hxx;h++;hm;inl;inc;ipp;xsd</Extensions>
    </Filter>
    <Filter Include="Resource Files">
      <UniqueIdentifier>{67DA6AB6-F800-4c08-8B7A-83BB121AAD01}</UniqueIdentifier>
      <Extensions>rc;ico;cur;bmp;dlg;rc2;rct;bin;rgs;gif;jpg;jpeg;jpe;resx;tiff;tif;png;wav;mfcribbon-ms</Extensions>
    </Filter>
  </ItemGroup>
  <ItemGroup>
    <ClInclude Include="misc.h">
      <Filter>Header Files</Filter>
    </ClInclude>
    <ClInclude Include="common.h">
      <Filter>Header Files</Filter>
    </ClInclude>
    <ClInclude Include="error.h">
      <Filter>Header Files</Filter>
    </ClInclude>
    <ClInclude Include="myassert.h">
      <Filter>Header Files</Filter>
    </ClInclude>
    <ClInclude Include="sqmove.h">
      <Filter>Header Files</Filter>
    </ClInclude>
    <ClInclude Include="index.h">
      <Filter>Header Files</Filter>
    </ClInclude>
    <ClInclude Include="matsig.h">
      <Filter>Header Files</Filter>
    </ClInclude>
    <ClInclude Include="namebase.h">
      <Filter>Header Files</Filter>
    </ClInclude>
    <ClInclude Include="date.h">
      <Filter>Header Files</Filter>
    </ClInclude>
    <ClInclude Include="stralloc.h">
      <Filter>Header Files</Filter>
    </ClInclude>
    <ClInclude Include="strtree.h">
      <Filter>Header Files</Filter>
    </ClInclude>
    <ClInclude Include="mfile.h">
      <Filter>Header Files</Filter>
    </ClInclude>
    <ClInclude Include="dstring.h">
      <Filter>Header Files</Filter>
    </ClInclude>
    <ClInclude Include="win_mmap.h">
      <Filter>Header Files</Filter>
    </ClInclude>
    <ClInclude Include="game.h">
      <Filter>Header Files</Filter>
    </ClInclude>
    <ClInclude Include="position.h">
      <Filter>Header Files</Filter>
    </ClInclude>
    <ClInclude Include="movelist.h">
      <Filter>Header Files</Filter>
    </ClInclude>
    <ClInclude Include="sqlist.h">
      <Filter>Header Files</Filter>
    </ClInclude>
    <ClInclude Include="sqset.h">
      <Filter>Header Files</Filter>
    </ClInclude>
    <ClInclude Include="tokens.h">
      <Filter>Header Files</Filter>
    </ClInclude>
    <ClInclude Include="textbuf.h">
      <Filter>Header Files</Filter>
    </ClInclude>
    <ClInclude Include="attacks.h">
      <Filter>Header Files</Filter>
    </ClInclude>
    <ClInclude Include="bytebuf.h">
      <Filter>Header Files</Filter>
    </ClInclude>
    <ClInclude Include="gfile.h">
      <Filter>Header Files</Filter>
    </ClInclude>
    <ClInclude Include="hash.h">
      <Filter>Header Files</Filter>
    </ClInclude>
    <ClInclude Include="stored.h">
      <Filter>Header Files</Filter>
    </ClInclude>
    <ClInclude Include="pgnparse.h">
      <Filter>Header Files</Filter>
    </ClInclude>
    <ClInclude Include="naglatex.h">
      <Filter>Header Files</Filter>
    </ClInclude>
    <ClInclude Include="timer.h">
      <Filter>Header Files</Filter>
    </ClInclude>
    <ClInclude Include="nagtext.h">
      <Filter>Header Files</Filter>
    </ClInclude>
    <ClInclude Include="tree.h">
      <Filter>Header Files</Filter>
    </ClInclude>
    <ClInclude Include="filter.h">
      <Filter>Header Files</Filter>
    </ClInclude>
  </ItemGroup>
  <ItemGroup>
    <ClCompile Include="misc.cpp">
      <Filter>Source Files</Filter>
    </ClCompile>
    <ClCompile Include="myassert.cpp">
      <Filter>Source Files</Filter>
    </ClCompile>
    <ClCompile Include="index.cpp">
      <Filter>Source Files</Filter>
    </ClCompile>
    <ClCompile Include="matsig.cpp">
      <Filter>Source Files</Filter>
    </ClCompile>
    <ClCompile Include="namebase.cpp">
      <Filter>Source Files</Filter>
    </ClCompile>
    <ClCompile Include="date.cpp">
      <Filter>Source Files</Filter>
    </ClCompile>
    <ClCompile Include="stralloc.cpp">
      <Filter>Source Files</Filter>
    </ClCompile>
    <ClCompile Include="mfile.cpp">
      <Filter>Source Files</Filter>
    </ClCompile>
    <ClCompile Include="dstring.cpp">
      <Filter>Source Files</Filter>
    </ClCompile>
    <ClCompile Include="game.cpp">
      <Filter>Source Files</Filter>
    </ClCompile>
    <ClCompile Include="position.cpp">
      <Filter>Source Files</Filter>
    </ClCompile>
    <ClCompile Include="movelist.cpp">
      <Filter>Source Files</Filter>
    </ClCompile>
    <ClCompile Include="textbuf.cpp">
      <Filter>Source Files</Filter>
    </ClCompile>
    <ClCompile Include="bytebuf.cpp">
      <Filter>Source Files</Filter>
    </ClCompile>
    <ClCompile Include="gfile.cpp">
      <Filter>Source Files</Filter>
    </ClCompile>
    <ClCompile Include="stored.cpp">
      <Filter>Source Files</Filter>
    </ClCompile>
    <ClCompile Include="pgnparse.cpp">
      <Filter>Source Files</Filter>
    </ClCompile>
    <ClCompile Include="tree.cpp">
      <Filter>Source Files</Filter>
    </ClCompile>
    <ClCompile Include="filter.cpp">
      <Filter>Source Files</Filter>
    </ClCompile>
  </ItemGroup>
</Project>